// !$*UTF8*$!
{
	archiveVersion = 1;
	classes = {
	};
	objectVersion = 46;
	objects = {

/* Begin PBXBuildFile section */
		59CD22931F6E096600F9CF65 /* map2.csv in Resources */ = {isa = PBXBuildFile; fileRef = 59CD228E1F6E096600F9CF65 /* map2.csv */; };
		59CD22941F6E096600F9CF65 /* map3.csv in Resources */ = {isa = PBXBuildFile; fileRef = 59CD228F1F6E096600F9CF65 /* map3.csv */; };
		59CD22951F6E096600F9CF65 /* map4.csv in Resources */ = {isa = PBXBuildFile; fileRef = 59CD22901F6E096600F9CF65 /* map4.csv */; };
		59CD22961F6E096600F9CF65 /* map5.csv in Resources */ = {isa = PBXBuildFile; fileRef = 59CD22911F6E096600F9CF65 /* map5.csv */; };
		59CD22971F6E096600F9CF65 /* map6.csv in Resources */ = {isa = PBXBuildFile; fileRef = 59CD22921F6E096600F9CF65 /* map6.csv */; };
		59CD22991F6E162400F9CF65 /* map0.csv in Resources */ = {isa = PBXBuildFile; fileRef = 59CD22981F6E162400F9CF65 /* map0.csv */; };
		59CD229B1F6E427100F9CF65 /* map1.csv in Resources */ = {isa = PBXBuildFile; fileRef = 59CD229A1F6E427100F9CF65 /* map1.csv */; };
		59D524621F58599B00B5756A /* AppDelegate.swift in Sources */ = {isa = PBXBuildFile; fileRef = 59D524611F58599B00B5756A /* AppDelegate.swift */; };
		59D524641F58599B00B5756A /* ViewController.swift in Sources */ = {isa = PBXBuildFile; fileRef = 59D524631F58599B00B5756A /* ViewController.swift */; };
		59D524671F58599B00B5756A /* Main.storyboard in Resources */ = {isa = PBXBuildFile; fileRef = 59D524651F58599B00B5756A /* Main.storyboard */; };
		59D524691F58599B00B5756A /* Assets.xcassets in Resources */ = {isa = PBXBuildFile; fileRef = 59D524681F58599B00B5756A /* Assets.xcassets */; };
		59D5246C1F58599B00B5756A /* LaunchScreen.storyboard in Resources */ = {isa = PBXBuildFile; fileRef = 59D5246A1F58599B00B5756A /* LaunchScreen.storyboard */; };
		59D524741F585ACC00B5756A /* tree.png in Resources */ = {isa = PBXBuildFile; fileRef = 59D524731F585ACC00B5756A /* tree.png */; };
		59D524771F58EEF600B5756A /* greenfield.png in Resources */ = {isa = PBXBuildFile; fileRef = 59D524761F58EEF600B5756A /* greenfield.png */; };
		59D5247C1F59323800B5756A /* key_down.png in Resources */ = {isa = PBXBuildFile; fileRef = 59D524781F59323800B5756A /* key_down.png */; };
		59D5247D1F59323800B5756A /* key_left.png in Resources */ = {isa = PBXBuildFile; fileRef = 59D524791F59323800B5756A /* key_left.png */; };
		59D5247E1F59323800B5756A /* key_right.png in Resources */ = {isa = PBXBuildFile; fileRef = 59D5247A1F59323800B5756A /* key_right.png */; };
		59D524881F5A49AC00B5756A /* arthur01.png in Resources */ = {isa = PBXBuildFile; fileRef = 59D524801F5A49AC00B5756A /* arthur01.png */; };
		59D524891F5A49AC00B5756A /* arthur02.png in Resources */ = {isa = PBXBuildFile; fileRef = 59D524811F5A49AC00B5756A /* arthur02.png */; };
		59D5248A1F5A49AC00B5756A /* arthur03.png in Resources */ = {isa = PBXBuildFile; fileRef = 59D524821F5A49AC00B5756A /* arthur03.png */; };
		59D5248B1F5A49AC00B5756A /* arthur04.png in Resources */ = {isa = PBXBuildFile; fileRef = 59D524831F5A49AC00B5756A /* arthur04.png */; };
		59D5248C1F5A49AC00B5756A /* arthur05.png in Resources */ = {isa = PBXBuildFile; fileRef = 59D524841F5A49AC00B5756A /* arthur05.png */; };
		59D5248D1F5A49AC00B5756A /* arthur06.png in Resources */ = {isa = PBXBuildFile; fileRef = 59D524851F5A49AC00B5756A /* arthur06.png */; };
		59D5248E1F5A49AC00B5756A /* arthur07.png in Resources */ = {isa = PBXBuildFile; fileRef = 59D524861F5A49AC00B5756A /* arthur07.png */; };
		59D5248F1F5A49AC00B5756A /* arthur08.png in Resources */ = {isa = PBXBuildFile; fileRef = 59D524871F5A49AC00B5756A /* arthur08.png */; };
		59D524911F5A4FF800B5756A /* MyChara.swift in Sources */ = {isa = PBXBuildFile; fileRef = 59D524901F5A4FF800B5756A /* MyChara.swift */; };
		59D524971F5AE67E00B5756A /* key_up.png in Resources */ = {isa = PBXBuildFile; fileRef = 59D524961F5AE67E00B5756A /* key_up.png */; };
		59D524991F5AEE8000B5756A /* Map.swift in Sources */ = {isa = PBXBuildFile; fileRef = 59D524981F5AEE8000B5756A /* Map.swift */; };
/* End PBXBuildFile section */

/* Begin PBXFileReference section */
		59CD228E1F6E096600F9CF65 /* map2.csv */ = {isa = PBXFileReference; fileEncoding = 4; lastKnownFileType = text; path = map2.csv; sourceTree = "<group>"; };
		59CD228F1F6E096600F9CF65 /* map3.csv */ = {isa = PBXFileReference; fileEncoding = 4; lastKnownFileType = text; path = map3.csv; sourceTree = "<group>"; };
		59CD22901F6E096600F9CF65 /* map4.csv */ = {isa = PBXFileReference; fileEncoding = 4; lastKnownFileType = text; path = map4.csv; sourceTree = "<group>"; };
		59CD22911F6E096600F9CF65 /* map5.csv */ = {isa = PBXFileReference; fileEncoding = 4; lastKnownFileType = text; path = map5.csv; sourceTree = "<group>"; };
		59CD22921F6E096600F9CF65 /* map6.csv */ = {isa = PBXFileReference; fileEncoding = 4; lastKnownFileType = text; path = map6.csv; sourceTree = "<group>"; };
		59CD22981F6E162400F9CF65 /* map0.csv */ = {isa = PBXFileReference; fileEncoding = 4; lastKnownFileType = text; path = map0.csv; sourceTree = "<group>"; };
		59CD229A1F6E427100F9CF65 /* map1.csv */ = {isa = PBXFileReference; fileEncoding = 4; lastKnownFileType = text; path = map1.csv; sourceTree = "<group>"; };
		59D5245E1F58599B00B5756A /* Venex.app */ = {isa = PBXFileReference; explicitFileType = wrapper.application; includeInIndex = 0; path = Venex.app; sourceTree = BUILT_PRODUCTS_DIR; };
		59D524611F58599B00B5756A /* AppDelegate.swift */ = {isa = PBXFileReference; lastKnownFileType = sourcecode.swift; path = AppDelegate.swift; sourceTree = "<group>"; };
		59D524631F58599B00B5756A /* ViewController.swift */ = {isa = PBXFileReference; lastKnownFileType = sourcecode.swift; path = ViewController.swift; sourceTree = "<group>"; };
		59D524661F58599B00B5756A /* Base */ = {isa = PBXFileReference; lastKnownFileType = file.storyboard; name = Base; path = Base.lproj/Main.storyboard; sourceTree = "<group>"; };
		59D524681F58599B00B5756A /* Assets.xcassets */ = {isa = PBXFileReference; lastKnownFileType = folder.assetcatalog; path = Assets.xcassets; sourceTree = "<group>"; };
		59D5246B1F58599B00B5756A /* Base */ = {isa = PBXFileReference; lastKnownFileType = file.storyboard; name = Base; path = Base.lproj/LaunchScreen.storyboard; sourceTree = "<group>"; };
		59D5246D1F58599B00B5756A /* Info.plist */ = {isa = PBXFileReference; lastKnownFileType = text.plist.xml; path = Info.plist; sourceTree = "<group>"; };
		59D524731F585ACC00B5756A /* tree.png */ = {isa = PBXFileReference; lastKnownFileType = image.png; path = tree.png; sourceTree = "<group>"; };
		59D524761F58EEF600B5756A /* greenfield.png */ = {isa = PBXFileReference; lastKnownFileType = image.png; path = greenfield.png; sourceTree = "<group>"; };
		59D524781F59323800B5756A /* key_down.png */ = {isa = PBXFileReference; lastKnownFileType = image.png; path = key_down.png; sourceTree = "<group>"; };
		59D524791F59323800B5756A /* key_left.png */ = {isa = PBXFileReference; lastKnownFileType = image.png; path = key_left.png; sourceTree = "<group>"; };
		59D5247A1F59323800B5756A /* key_right.png */ = {isa = PBXFileReference; lastKnownFileType = image.png; path = key_right.png; sourceTree = "<group>"; };
		59D524801F5A49AC00B5756A /* arthur01.png */ = {isa = PBXFileReference; lastKnownFileType = image.png; path = arthur01.png; sourceTree = "<group>"; };
		59D524811F5A49AC00B5756A /* arthur02.png */ = {isa = PBXFileReference; lastKnownFileType = image.png; path = arthur02.png; sourceTree = "<group>"; };
		59D524821F5A49AC00B5756A /* arthur03.png */ = {isa = PBXFileReference; lastKnownFileType = image.png; path = arthur03.png; sourceTree = "<group>"; };
		59D524831F5A49AC00B5756A /* arthur04.png */ = {isa = PBXFileReference; lastKnownFileType = image.png; path = arthur04.png; sourceTree = "<group>"; };
		59D524841F5A49AC00B5756A /* arthur05.png */ = {isa = PBXFileReference; lastKnownFileType = image.png; path = arthur05.png; sourceTree = "<group>"; };
		59D524851F5A49AC00B5756A /* arthur06.png */ = {isa = PBXFileReference; lastKnownFileType = image.png; path = arthur06.png; sourceTree = "<group>"; };
		59D524861F5A49AC00B5756A /* arthur07.png */ = {isa = PBXFileReference; lastKnownFileType = image.png; path = arthur07.png; sourceTree = "<group>"; };
		59D524871F5A49AC00B5756A /* arthur08.png */ = {isa = PBXFileReference; lastKnownFileType = image.png; path = arthur08.png; sourceTree = "<group>"; };
		59D524901F5A4FF800B5756A /* MyChara.swift */ = {isa = PBXFileReference; fileEncoding = 4; lastKnownFileType = sourcecode.swift; path = MyChara.swift; sourceTree = "<group>"; };
		59D524961F5AE67E00B5756A /* key_up.png */ = {isa = PBXFileReference; lastKnownFileType = image.png; path = key_up.png; sourceTree = "<group>"; };
		59D524981F5AEE8000B5756A /* Map.swift */ = {isa = PBXFileReference; fileEncoding = 4; lastKnownFileType = sourcecode.swift; path = Map.swift; sourceTree = "<group>"; };
/* End PBXFileReference section */

/* Begin PBXFrameworksBuildPhase section */
		59D5245B1F58599B00B5756A /* Frameworks */ = {
			isa = PBXFrameworksBuildPhase;
			buildActionMask = 2147483647;
			files = (
			);
			runOnlyForDeploymentPostprocessing = 0;
		};
/* End PBXFrameworksBuildPhase section */

/* Begin PBXGroup section */
		59CD228D1F6E093700F9CF65 /* assets */ = {
			isa = PBXGroup;
			children = (
				59CD229A1F6E427100F9CF65 /* map1.csv */,
				59CD22981F6E162400F9CF65 /* map0.csv */,
				59CD228E1F6E096600F9CF65 /* map2.csv */,
				59CD228F1F6E096600F9CF65 /* map3.csv */,
				59CD22901F6E096600F9CF65 /* map4.csv */,
				59CD22911F6E096600F9CF65 /* map5.csv */,
				59CD22921F6E096600F9CF65 /* map6.csv */,
			);
			name = assets;
			sourceTree = "<group>";
		};
		59D524551F58599B00B5756A = {
			isa = PBXGroup;
			children = (
				59D524601F58599B00B5756A /* Venex */,
				59D5245F1F58599B00B5756A /* Products */,
			);
			sourceTree = "<group>";
		};
		59D5245F1F58599B00B5756A /* Products */ = {
			isa = PBXGroup;
			children = (
				59D5245E1F58599B00B5756A /* Venex.app */,
			);
			name = Products;
			sourceTree = "<group>";
		};
		59D524601F58599B00B5756A /* Venex */ = {
			isa = PBXGroup;
			children = (
				59CD228D1F6E093700F9CF65 /* assets */,
				59D524751F585E1200B5756A /* png */,
				59D524611F58599B00B5756A /* AppDelegate.swift */,
				59D524631F58599B00B5756A /* ViewController.swift */,
				59D524901F5A4FF800B5756A /* MyChara.swift */,
				59D524981F5AEE8000B5756A /* Map.swift */,
				59D524651F58599B00B5756A /* Main.storyboard */,
				59D524681F58599B00B5756A /* Assets.xcassets */,
				59D5246A1F58599B00B5756A /* LaunchScreen.storyboard */,
				59D5246D1F58599B00B5756A /* Info.plist */,
			);
			path = Venex;
			sourceTree = "<group>";
		};
		59D524751F585E1200B5756A /* png */ = {
			isa = PBXGroup;
			children = (
				59D524961F5AE67E00B5756A /* key_up.png */,
				59D524801F5A49AC00B5756A /* arthur01.png */,
				59D524811F5A49AC00B5756A /* arthur02.png */,
				59D524821F5A49AC00B5756A /* arthur03.png */,
				59D524831F5A49AC00B5756A /* arthur04.png */,
				59D524841F5A49AC00B5756A /* arthur05.png */,
				59D524851F5A49AC00B5756A /* arthur06.png */,
				59D524861F5A49AC00B5756A /* arthur07.png */,
				59D524871F5A49AC00B5756A /* arthur08.png */,
				59D524781F59323800B5756A /* key_down.png */,
				59D524791F59323800B5756A /* key_left.png */,
				59D5247A1F59323800B5756A /* key_right.png */,
				59D524761F58EEF600B5756A /* greenfield.png */,
				59D524731F585ACC00B5756A /* tree.png */,
			);
			name = png;
			sourceTree = "<group>";
		};
/* End PBXGroup section */

/* Begin PBXNativeTarget section */
		59D5245D1F58599B00B5756A /* Venex */ = {
			isa = PBXNativeTarget;
			buildConfigurationList = 59D524701F58599B00B5756A /* Build configuration list for PBXNativeTarget "Venex" */;
			buildPhases = (
				59D5245A1F58599B00B5756A /* Sources */,
				59D5245B1F58599B00B5756A /* Frameworks */,
				59D5245C1F58599B00B5756A /* Resources */,
			);
			buildRules = (
			);
			dependencies = (
			);
			name = Venex;
			productName = Venex;
			productReference = 59D5245E1F58599B00B5756A /* Venex.app */;
			productType = "com.apple.product-type.application";
		};
/* End PBXNativeTarget section */

/* Begin PBXProject section */
		59D524561F58599B00B5756A /* Project object */ = {
			isa = PBXProject;
			attributes = {
				LastSwiftUpdateCheck = 0830;
				LastUpgradeCheck = 0830;
				ORGANIZATIONNAME = "tadakazu nakamichi";
				TargetAttributes = {
					59D5245D1F58599B00B5756A = {
						CreatedOnToolsVersion = 8.3.3;
						DevelopmentTeam = X7TZM2569N;
						ProvisioningStyle = Automatic;
					};
				};
			};
			buildConfigurationList = 59D524591F58599B00B5756A /* Build configuration list for PBXProject "Venex" */;
			compatibilityVersion = "Xcode 3.2";
			developmentRegion = English;
			hasScannedForEncodings = 0;
			knownRegions = (
				en,
				Base,
			);
			mainGroup = 59D524551F58599B00B5756A;
			productRefGroup = 59D5245F1F58599B00B5756A /* Products */;
			projectDirPath = "";
			projectRoot = "";
			targets = (
				59D5245D1F58599B00B5756A /* Venex */,
			);
		};
/* End PBXProject section */

/* Begin PBXResourcesBuildPhase section */
		59D5245C1F58599B00B5756A /* Resources */ = {
			isa = PBXResourcesBuildPhase;
			buildActionMask = 2147483647;
			files = (
				59D5246C1F58599B00B5756A /* LaunchScreen.storyboard in Resources */,
				59D524691F58599B00B5756A /* Assets.xcassets in Resources */,
				59D5247D1F59323800B5756A /* key_left.png in Resources */,
				59D524671F58599B00B5756A /* Main.storyboard in Resources */,
				59D524741F585ACC00B5756A /* tree.png in Resources */,
				59CD22961F6E096600F9CF65 /* map5.csv in Resources */,
				59CD22971F6E096600F9CF65 /* map6.csv in Resources */,
				59D5248C1F5A49AC00B5756A /* arthur05.png in Resources */,
				59CD22991F6E162400F9CF65 /* map0.csv in Resources */,
				59D524891F5A49AC00B5756A /* arthur02.png in Resources */,
				59CD22941F6E096600F9CF65 /* map3.csv in Resources */,
				59D524971F5AE67E00B5756A /* key_up.png in Resources */,
				59D5248D1F5A49AC00B5756A /* arthur06.png in Resources */,
				59D5248B1F5A49AC00B5756A /* arthur04.png in Resources */,
				59D524771F58EEF600B5756A /* greenfield.png in Resources */,
				59D5248A1F5A49AC00B5756A /* arthur03.png in Resources */,
				59CD22931F6E096600F9CF65 /* map2.csv in Resources */,
				59CD229B1F6E427100F9CF65 /* map1.csv in Resources */,
				59D5248F1F5A49AC00B5756A /* arthur08.png in Resources */,
				59D5248E1F5A49AC00B5756A /* arthur07.png in Resources */,
				59D5247E1F59323800B5756A /* key_right.png in Resources */,
				59CD22951F6E096600F9CF65 /* map4.csv in Resources */,
				59D524881F5A49AC00B5756A /* arthur01.png in Resources */,
				59D5247C1F59323800B5756A /* key_down.png in Resources */,
			);
			runOnlyForDeploymentPostprocessing = 0;
		};
/* End PBXResourcesBuildPhase section */

/* Begin PBXSourcesBuildPhase section */
		59D5245A1F58599B00B5756A /* Sources */ = {
			isa = PBXSourcesBuildPhase;
			buildActionMask = 2147483647;
			files = (
				59D524641F58599B00B5756A /* ViewController.swift in Sources */,
				59D524911F5A4FF800B5756A /* MyChara.swift in Sources */,
				59D524991F5AEE8000B5756A /* Map.swift in Sources */,
				59D524621F58599B00B5756A /* AppDelegate.swift in Sources */,
			);
			runOnlyForDeploymentPostprocessing = 0;
		};
/* End PBXSourcesBuildPhase section */

/* Begin PBXVariantGroup section */
		59D524651F58599B00B5756A /* Main.storyboard */ = {
			isa = PBXVariantGroup;
			children = (
				59D524661F58599B00B5756A /* Base */,
			);
			name = Main.storyboard;
			sourceTree = "<group>";
		};
		59D5246A1F58599B00B5756A /* LaunchScreen.storyboard */ = {
			isa = PBXVariantGroup;
			children = (
				59D5246B1F58599B00B5756A /* Base */,
			);
			name = LaunchScreen.storyboard;
			sourceTree = "<group>";
		};
/* End PBXVariantGroup section */

/* Begin XCBuildConfiguration section */
		59D5246E1F58599B00B5756A /* Debug */ = {
			isa = XCBuildConfiguration;
			buildSettings = {
				ALWAYS_SEARCH_USER_PATHS = NO;
				CLANG_ANALYZER_NONNULL = YES;
				CLANG_ANALYZER_NUMBER_OBJECT_CONVERSION = YES_AGGRESSIVE;
				CLANG_CXX_LANGUAGE_STANDARD = "gnu++0x";
				CLANG_CXX_LIBRARY = "libc++";
				CLANG_ENABLE_MODULES = YES;
				CLANG_ENABLE_OBJC_ARC = YES;
				CLANG_WARN_BOOL_CONVERSION = YES;
				CLANG_WARN_CONSTANT_CONVERSION = YES;
				CLANG_WARN_DIRECT_OBJC_ISA_USAGE = YES_ERROR;
				CLANG_WARN_DOCUMENTATION_COMMENTS = YES;
				CLANG_WARN_EMPTY_BODY = YES;
				CLANG_WARN_ENUM_CONVERSION = YES;
				CLANG_WARN_INFINITE_RECURSION = YES;
				CLANG_WARN_INT_CONVERSION = YES;
				CLANG_WARN_OBJC_ROOT_CLASS = YES_ERROR;
				CLANG_WARN_SUSPICIOUS_MOVE = YES;
				CLANG_WARN_UNREACHABLE_CODE = YES;
				CLANG_WARN__DUPLICATE_METHOD_MATCH = YES;
				"CODE_SIGN_IDENTITY[sdk=iphoneos*]" = "iPhone Developer";
				COPY_PHASE_STRIP = NO;
				DEBUG_INFORMATION_FORMAT = dwarf;
				ENABLE_STRICT_OBJC_MSGSEND = YES;
				ENABLE_TESTABILITY = YES;
				GCC_C_LANGUAGE_STANDARD = gnu99;
				GCC_DYNAMIC_NO_PIC = NO;
				GCC_NO_COMMON_BLOCKS = YES;
				GCC_OPTIMIZATION_LEVEL = 0;
				GCC_PREPROCESSOR_DEFINITIONS = (
					"DEBUG=1",
					"$(inherited)",
				);
				GCC_WARN_64_TO_32_BIT_CONVERSION = YES;
				GCC_WARN_ABOUT_RETURN_TYPE = YES_ERROR;
				GCC_WARN_UNDECLARED_SELECTOR = YES;
				GCC_WARN_UNINITIALIZED_AUTOS = YES_AGGRESSIVE;
				GCC_WARN_UNUSED_FUNCTION = YES;
				GCC_WARN_UNUSED_VARIABLE = YES;
				IPHONEOS_DEPLOYMENT_TARGET = 10.3;
				MTL_ENABLE_DEBUG_INFO = YES;
				ONLY_ACTIVE_ARCH = YES;
				SDKROOT = iphoneos;
				SWIFT_ACTIVE_COMPILATION_CONDITIONS = DEBUG;
				SWIFT_OPTIMIZATION_LEVEL = "-Onone";
			};
			name = Debug;
		};
		59D5246F1F58599B00B5756A /* Release */ = {
			isa = XCBuildConfiguration;
			buildSettings = {
				ALWAYS_SEARCH_USER_PATHS = NO;
				CLANG_ANALYZER_NONNULL = YES;
				CLANG_ANALYZER_NUMBER_OBJECT_CONVERSION = YES_AGGRESSIVE;
				CLANG_CXX_LANGUAGE_STANDARD = "gnu++0x";
				CLANG_CXX_LIBRARY = "libc++";
				CLANG_ENABLE_MODULES = YES;
				CLANG_ENABLE_OBJC_ARC = YES;
				CLANG_WARN_BOOL_CONVERSION = YES;
				CLANG_WARN_CONSTANT_CONVERSION = YES;
				CLANG_WARN_DIRECT_OBJC_ISA_USAGE = YES_ERROR;
				CLANG_WARN_DOCUMENTATION_COMMENTS = YES;
				CLANG_WARN_EMPTY_BODY = YES;
				CLANG_WARN_ENUM_CONVERSION = YES;
				CLANG_WARN_INFINITE_RECURSION = YES;
				CLANG_WARN_INT_CONVERSION = YES;
				CLANG_WARN_OBJC_ROOT_CLASS = YES_ERROR;
				CLANG_WARN_SUSPICIOUS_MOVE = YES;
				CLANG_WARN_UNREACHABLE_CODE = YES;
				CLANG_WARN__DUPLICATE_METHOD_MATCH = YES;
				"CODE_SIGN_IDENTITY[sdk=iphoneos*]" = "iPhone Developer";
				COPY_PHASE_STRIP = NO;
				DEBUG_INFORMATION_FORMAT = "dwarf-with-dsym";
				ENABLE_NS_ASSERTIONS = NO;
				ENABLE_STRICT_OBJC_MSGSEND = YES;
				GCC_C_LANGUAGE_STANDARD = gnu99;
				GCC_NO_COMMON_BLOCKS = YES;
				GCC_WARN_64_TO_32_BIT_CONVERSION = YES;
				GCC_WARN_ABOUT_RETURN_TYPE = YES_ERROR;
				GCC_WARN_UNDECLARED_SELECTOR = YES;
				GCC_WARN_UNINITIALIZED_AUTOS = YES_AGGRESSIVE;
				GCC_WARN_UNUSED_FUNCTION = YES;
				GCC_WARN_UNUSED_VARIABLE = YES;
				IPHONEOS_DEPLOYMENT_TARGET = 10.3;
				MTL_ENABLE_DEBUG_INFO = NO;
				SDKROOT = iphoneos;
				SWIFT_OPTIMIZATION_LEVEL = "-Owholemodule";
				VALIDATE_PRODUCT = YES;
			};
			name = Release;
		};
		59D524711F58599B00B5756A /* Debug */ = {
			isa = XCBuildConfiguration;
			buildSettings = {
				ASSETCATALOG_COMPILER_APPICON_NAME = AppIcon;
				DEVELOPMENT_TEAM = X7TZM2569N;
				INFOPLIST_FILE = Venex/Info.plist;
				IPHONEOS_DEPLOYMENT_TARGET = 9.0;
				LD_RUNPATH_SEARCH_PATHS = "$(inherited) @executable_path/Frameworks";
				PRODUCT_BUNDLE_IDENTIFIER = com.tadakazu1972.Venex;
				PRODUCT_NAME = "$(TARGET_NAME)";
				SWIFT_VERSION = 3.0;
			};
			name = Debug;
		};
		59D524721F58599B00B5756A /* Release */ = {
			isa = XCBuildConfiguration;
			buildSettings = {
				ASSETCATALOG_COMPILER_APPICON_NAME = AppIcon;
				DEVELOPMENT_TEAM = X7TZM2569N;
				INFOPLIST_FILE = Venex/Info.plist;
				IPHONEOS_DEPLOYMENT_TARGET = 9.0;
				LD_RUNPATH_SEARCH_PATHS = "$(inherited) @executable_path/Frameworks";
				PRODUCT_BUNDLE_IDENTIFIER = com.tadakazu1972.Venex;
				PRODUCT_NAME = "$(TARGET_NAME)";
				SWIFT_VERSION = 3.0;
			};
			name = Release;
		};
/* End XCBuildConfiguration section */

/* Begin XCConfigurationList section */
		59D524591F58599B00B5756A /* Build configuration list for PBXProject "Venex" */ = {
			isa = XCConfigurationList;
			buildConfigurations = (
				59D5246E1F58599B00B5756A /* Debug */,
				59D5246F1F58599B00B5756A /* Release */,
			);
			defaultConfigurationIsVisible = 0;
			defaultConfigurationName = Release;
		};
		59D524701F58599B00B5756A /* Build configuration list for PBXNativeTarget "Venex" */ = {
			isa = XCConfigurationList;
			buildConfigurations = (
				59D524711F58599B00B5756A /* Debug */,
				59D524721F58599B00B5756A /* Release */,
			);
			defaultConfigurationIsVisible = 0;
			defaultConfigurationName = Release;
		};
/* End XCConfigurationList section */
	};
	rootObject = 59D524561F58599B00B5756A /* Project object */;
}
