// !$*UTF8*$!
{
	archiveVersion = 1;
	classes = {
	};
	objectVersion = 46;
	objects = {

/* Begin PBXBuildFile section */
		5913E3771F76B61F00CBA89D /* Item.swift in Sources */ = {isa = PBXBuildFile; fileRef = 5913E3761F76B61F00CBA89D /* Item.swift */; };
		5913E37B1F8E560000CBA89D /* DialogSeria1.swift in Sources */ = {isa = PBXBuildFile; fileRef = 5913E37A1F8E560000CBA89D /* DialogSeria1.swift */; };
		5934EED81FAE9F8900466880 /* DialogBattle.swift in Sources */ = {isa = PBXBuildFile; fileRef = 5934EED71FAE9F8900466880 /* DialogBattle.swift */; };
		5934EEDA1FAEAD0C00466880 /* skelton01.png in Resources */ = {isa = PBXBuildFile; fileRef = 5934EED91FAEAD0C00466880 /* skelton01.png */; };
		5934EEDE1FAED1FA00466880 /* skelton.png in Resources */ = {isa = PBXBuildFile; fileRef = 5934EEDD1FAED1FA00466880 /* skelton.png */; };
		5934EEE01FAED78700466880 /* ghouldragon.png in Resources */ = {isa = PBXBuildFile; fileRef = 5934EEDF1FAED78700466880 /* ghouldragon.png */; };
		595CA0DC1F91BBFE002675B2 /* DialogSeriaTrade.swift in Sources */ = {isa = PBXBuildFile; fileRef = 595CA0DB1F91BBFE002675B2 /* DialogSeriaTrade.swift */; };
		59C2CBBA1F9C402700066A29 /* field4.png in Resources */ = {isa = PBXBuildFile; fileRef = 59C2CBB91F9C402700066A29 /* field4.png */; };
		59C2CBBC1F9C403700066A29 /* field5.png in Resources */ = {isa = PBXBuildFile; fileRef = 59C2CBBB1F9C403700066A29 /* field5.png */; };
		59C2CBBE1F9C40A300066A29 /* fieldMap7.csv in Resources */ = {isa = PBXBuildFile; fileRef = 59C2CBBD1F9C40A300066A29 /* fieldMap7.csv */; };
		59C2CBC01F9C40B000066A29 /* fieldMap8.csv in Resources */ = {isa = PBXBuildFile; fileRef = 59C2CBBF1F9C40B000066A29 /* fieldMap8.csv */; };
		59C2CBCC1F9C5ECC00066A29 /* syonyudoMap1.csv in Resources */ = {isa = PBXBuildFile; fileRef = 59C2CBC11F9C5ECB00066A29 /* syonyudoMap1.csv */; };
		59C2CBCD1F9C5ECC00066A29 /* syonyudoMap2.csv in Resources */ = {isa = PBXBuildFile; fileRef = 59C2CBC21F9C5ECB00066A29 /* syonyudoMap2.csv */; };
		59C2CBCE1F9C5ECC00066A29 /* syonyudoMap5.csv in Resources */ = {isa = PBXBuildFile; fileRef = 59C2CBC31F9C5ECB00066A29 /* syonyudoMap5.csv */; };
		59C2CBCF1F9C5ECC00066A29 /* syonyudoMap10.csv in Resources */ = {isa = PBXBuildFile; fileRef = 59C2CBC41F9C5ECC00066A29 /* syonyudoMap10.csv */; };
		59C2CBD01F9C5ECC00066A29 /* syonyudoMap6.csv in Resources */ = {isa = PBXBuildFile; fileRef = 59C2CBC51F9C5ECC00066A29 /* syonyudoMap6.csv */; };
		59C2CBD11F9C5ECC00066A29 /* syonyudoMap3.csv in Resources */ = {isa = PBXBuildFile; fileRef = 59C2CBC61F9C5ECC00066A29 /* syonyudoMap3.csv */; };
		59C2CBD21F9C5ECC00066A29 /* syonyudoMap7.csv in Resources */ = {isa = PBXBuildFile; fileRef = 59C2CBC71F9C5ECC00066A29 /* syonyudoMap7.csv */; };
		59C2CBD31F9C5ECC00066A29 /* syonyudoMap8.csv in Resources */ = {isa = PBXBuildFile; fileRef = 59C2CBC81F9C5ECC00066A29 /* syonyudoMap8.csv */; };
		59C2CBD41F9C5ECC00066A29 /* syonyudoMap0.csv in Resources */ = {isa = PBXBuildFile; fileRef = 59C2CBC91F9C5ECC00066A29 /* syonyudoMap0.csv */; };
		59C2CBD51F9C5ECC00066A29 /* syonyudoMap9.csv in Resources */ = {isa = PBXBuildFile; fileRef = 59C2CBCA1F9C5ECC00066A29 /* syonyudoMap9.csv */; };
		59C2CBD61F9C5ECC00066A29 /* syonyudoMap4.csv in Resources */ = {isa = PBXBuildFile; fileRef = 59C2CBCB1F9C5ECC00066A29 /* syonyudoMap4.csv */; };
		59C2CBDD1F9C8C1400066A29 /* syonyudo1.png in Resources */ = {isa = PBXBuildFile; fileRef = 59C2CBD71F9C8C1300066A29 /* syonyudo1.png */; };
		59C2CBDE1F9C8C1400066A29 /* syonyudo0.png in Resources */ = {isa = PBXBuildFile; fileRef = 59C2CBD81F9C8C1400066A29 /* syonyudo0.png */; };
		59C2CBDF1F9C8C1400066A29 /* syonyudo3.png in Resources */ = {isa = PBXBuildFile; fileRef = 59C2CBD91F9C8C1400066A29 /* syonyudo3.png */; };
		59C2CBE01F9C8C1400066A29 /* syonyudo4.png in Resources */ = {isa = PBXBuildFile; fileRef = 59C2CBDA1F9C8C1400066A29 /* syonyudo4.png */; };
		59C2CBE11F9C8C1400066A29 /* syonyudo2.png in Resources */ = {isa = PBXBuildFile; fileRef = 59C2CBDB1F9C8C1400066A29 /* syonyudo2.png */; };
		59C2CBE21F9C8C1400066A29 /* syonyudo5.png in Resources */ = {isa = PBXBuildFile; fileRef = 59C2CBDC1F9C8C1400066A29 /* syonyudo5.png */; };
		59CD22931F6E096600F9CF65 /* map2.csv in Resources */ = {isa = PBXBuildFile; fileRef = 59CD228E1F6E096600F9CF65 /* map2.csv */; };
		59CD22941F6E096600F9CF65 /* map3.csv in Resources */ = {isa = PBXBuildFile; fileRef = 59CD228F1F6E096600F9CF65 /* map3.csv */; };
		59CD22951F6E096600F9CF65 /* map4.csv in Resources */ = {isa = PBXBuildFile; fileRef = 59CD22901F6E096600F9CF65 /* map4.csv */; };
		59CD22961F6E096600F9CF65 /* map5.csv in Resources */ = {isa = PBXBuildFile; fileRef = 59CD22911F6E096600F9CF65 /* map5.csv */; };
		59CD22971F6E096600F9CF65 /* map6.csv in Resources */ = {isa = PBXBuildFile; fileRef = 59CD22921F6E096600F9CF65 /* map6.csv */; };
		59CD22991F6E162400F9CF65 /* map0.csv in Resources */ = {isa = PBXBuildFile; fileRef = 59CD22981F6E162400F9CF65 /* map0.csv */; };
		59CD229B1F6E427100F9CF65 /* map1.csv in Resources */ = {isa = PBXBuildFile; fileRef = 59CD229A1F6E427100F9CF65 /* map1.csv */; };
		59CD22A91F6EAA0800F9CF65 /* FMDatabase.m in Sources */ = {isa = PBXBuildFile; fileRef = 59CD229E1F6EAA0800F9CF65 /* FMDatabase.m */; };
		59CD22AA1F6EAA0800F9CF65 /* FMDatabaseAdditions.m in Sources */ = {isa = PBXBuildFile; fileRef = 59CD22A01F6EAA0800F9CF65 /* FMDatabaseAdditions.m */; };
		59CD22AB1F6EAA0800F9CF65 /* FMDatabasePool.m in Sources */ = {isa = PBXBuildFile; fileRef = 59CD22A21F6EAA0800F9CF65 /* FMDatabasePool.m */; };
		59CD22AC1F6EAA0800F9CF65 /* FMDatabaseQueue.m in Sources */ = {isa = PBXBuildFile; fileRef = 59CD22A41F6EAA0800F9CF65 /* FMDatabaseQueue.m */; };
		59CD22AD1F6EAA0800F9CF65 /* FMResultSet.m in Sources */ = {isa = PBXBuildFile; fileRef = 59CD22A71F6EAA0800F9CF65 /* FMResultSet.m */; };
		59CD22B11F6EB23400F9CF65 /* DBHelper.swift in Sources */ = {isa = PBXBuildFile; fileRef = 59CD22B01F6EB23400F9CF65 /* DBHelper.swift */; };
		59CD22B31F6F693400F9CF65 /* StringExtensions.swift in Sources */ = {isa = PBXBuildFile; fileRef = 59CD22B21F6F693400F9CF65 /* StringExtensions.swift */; };
		59CD22B61F6FB4B400F9CF65 /* libsqlite3.tbd in Frameworks */ = {isa = PBXBuildFile; fileRef = 59CD22B51F6FB4B400F9CF65 /* libsqlite3.tbd */; };
		59CD22B81F6FE61100F9CF65 /* DialogItem.swift in Sources */ = {isa = PBXBuildFile; fileRef = 59CD22B71F6FE61100F9CF65 /* DialogItem.swift */; };
		59CD22BC1F6FF30D00F9CF65 /* CheckboxItemCell.swift in Sources */ = {isa = PBXBuildFile; fileRef = 59CD22BB1F6FF30D00F9CF65 /* CheckboxItemCell.swift */; };
		59CD22BE1F6FF3E300F9CF65 /* ic_check_box_outline_blank.png in Resources */ = {isa = PBXBuildFile; fileRef = 59CD22BD1F6FF3E300F9CF65 /* ic_check_box_outline_blank.png */; };
		59CD22C01F6FF3F200F9CF65 /* ic_check_box.png in Resources */ = {isa = PBXBuildFile; fileRef = 59CD22BF1F6FF3F200F9CF65 /* ic_check_box.png */; };
		59D524621F58599B00B5756A /* AppDelegate.swift in Sources */ = {isa = PBXBuildFile; fileRef = 59D524611F58599B00B5756A /* AppDelegate.swift */; };
		59D524641F58599B00B5756A /* ViewController.swift in Sources */ = {isa = PBXBuildFile; fileRef = 59D524631F58599B00B5756A /* ViewController.swift */; };
		59D524671F58599B00B5756A /* Main.storyboard in Resources */ = {isa = PBXBuildFile; fileRef = 59D524651F58599B00B5756A /* Main.storyboard */; };
		59D524691F58599B00B5756A /* Assets.xcassets in Resources */ = {isa = PBXBuildFile; fileRef = 59D524681F58599B00B5756A /* Assets.xcassets */; };
		59D5246C1F58599B00B5756A /* LaunchScreen.storyboard in Resources */ = {isa = PBXBuildFile; fileRef = 59D5246A1F58599B00B5756A /* LaunchScreen.storyboard */; };
		59D524741F585ACC00B5756A /* tree.png in Resources */ = {isa = PBXBuildFile; fileRef = 59D524731F585ACC00B5756A /* tree.png */; };
		59D524771F58EEF600B5756A /* greenfield.png in Resources */ = {isa = PBXBuildFile; fileRef = 59D524761F58EEF600B5756A /* greenfield.png */; };
		59D5247C1F59323800B5756A /* key_down.png in Resources */ = {isa = PBXBuildFile; fileRef = 59D524781F59323800B5756A /* key_down.png */; };
		59D5247D1F59323800B5756A /* key_left.png in Resources */ = {isa = PBXBuildFile; fileRef = 59D524791F59323800B5756A /* key_left.png */; };
		59D5247E1F59323800B5756A /* key_right.png in Resources */ = {isa = PBXBuildFile; fileRef = 59D5247A1F59323800B5756A /* key_right.png */; };
		59D524881F5A49AC00B5756A /* arthur01.png in Resources */ = {isa = PBXBuildFile; fileRef = 59D524801F5A49AC00B5756A /* arthur01.png */; };
		59D524891F5A49AC00B5756A /* arthur02.png in Resources */ = {isa = PBXBuildFile; fileRef = 59D524811F5A49AC00B5756A /* arthur02.png */; };
		59D5248A1F5A49AC00B5756A /* arthur03.png in Resources */ = {isa = PBXBuildFile; fileRef = 59D524821F5A49AC00B5756A /* arthur03.png */; };
		59D5248B1F5A49AC00B5756A /* arthur04.png in Resources */ = {isa = PBXBuildFile; fileRef = 59D524831F5A49AC00B5756A /* arthur04.png */; };
		59D5248C1F5A49AC00B5756A /* arthur05.png in Resources */ = {isa = PBXBuildFile; fileRef = 59D524841F5A49AC00B5756A /* arthur05.png */; };
		59D5248D1F5A49AC00B5756A /* arthur06.png in Resources */ = {isa = PBXBuildFile; fileRef = 59D524851F5A49AC00B5756A /* arthur06.png */; };
		59D5248E1F5A49AC00B5756A /* arthur07.png in Resources */ = {isa = PBXBuildFile; fileRef = 59D524861F5A49AC00B5756A /* arthur07.png */; };
		59D5248F1F5A49AC00B5756A /* arthur08.png in Resources */ = {isa = PBXBuildFile; fileRef = 59D524871F5A49AC00B5756A /* arthur08.png */; };
		59D524911F5A4FF800B5756A /* MyChara.swift in Sources */ = {isa = PBXBuildFile; fileRef = 59D524901F5A4FF800B5756A /* MyChara.swift */; };
		59D524971F5AE67E00B5756A /* key_up.png in Resources */ = {isa = PBXBuildFile; fileRef = 59D524961F5AE67E00B5756A /* key_up.png */; };
		59D524991F5AEE8000B5756A /* Map.swift in Sources */ = {isa = PBXBuildFile; fileRef = 59D524981F5AEE8000B5756A /* Map.swift */; };
		59E594CF1F97127500652276 /* DialogSeriaTalk.swift in Sources */ = {isa = PBXBuildFile; fileRef = 59E594CE1F97127500652276 /* DialogSeriaTalk.swift */; };
		59E594D41F971A7900652276 /* test.csv in Resources */ = {isa = PBXBuildFile; fileRef = 59E594D31F971A7000652276 /* test.csv */; };
		59E594D81F9723C600652276 /* talkSeria.csv in Resources */ = {isa = PBXBuildFile; fileRef = 59E594D71F9723B300652276 /* talkSeria.csv */; };
/* End PBXBuildFile section */

/* Begin PBXFileReference section */
		5913E3761F76B61F00CBA89D /* Item.swift */ = {isa = PBXFileReference; lastKnownFileType = sourcecode.swift; path = Item.swift; sourceTree = "<group>"; };
		5913E37A1F8E560000CBA89D /* DialogSeria1.swift */ = {isa = PBXFileReference; lastKnownFileType = sourcecode.swift; path = DialogSeria1.swift; sourceTree = "<group>"; };
		5934EED71FAE9F8900466880 /* DialogBattle.swift */ = {isa = PBXFileReference; lastKnownFileType = sourcecode.swift; path = DialogBattle.swift; sourceTree = "<group>"; };
		5934EED91FAEAD0C00466880 /* skelton01.png */ = {isa = PBXFileReference; lastKnownFileType = image.png; path = skelton01.png; sourceTree = "<group>"; };
		5934EEDD1FAED1FA00466880 /* skelton.png */ = {isa = PBXFileReference; lastKnownFileType = image.png; path = skelton.png; sourceTree = "<group>"; };
		5934EEDF1FAED78700466880 /* ghouldragon.png */ = {isa = PBXFileReference; lastKnownFileType = image.png; path = ghouldragon.png; sourceTree = "<group>"; };
		595CA0DB1F91BBFE002675B2 /* DialogSeriaTrade.swift */ = {isa = PBXFileReference; lastKnownFileType = sourcecode.swift; path = DialogSeriaTrade.swift; sourceTree = "<group>"; };
		59C2CBB91F9C402700066A29 /* field4.png */ = {isa = PBXFileReference; lastKnownFileType = image.png; path = field4.png; sourceTree = "<group>"; };
		59C2CBBB1F9C403700066A29 /* field5.png */ = {isa = PBXFileReference; lastKnownFileType = image.png; path = field5.png; sourceTree = "<group>"; };
		59C2CBBD1F9C40A300066A29 /* fieldMap7.csv */ = {isa = PBXFileReference; fileEncoding = 4; lastKnownFileType = text; path = fieldMap7.csv; sourceTree = "<group>"; };
		59C2CBBF1F9C40B000066A29 /* fieldMap8.csv */ = {isa = PBXFileReference; fileEncoding = 4; lastKnownFileType = text; path = fieldMap8.csv; sourceTree = "<group>"; };
		59C2CBC11F9C5ECB00066A29 /* syonyudoMap1.csv */ = {isa = PBXFileReference; fileEncoding = 4; lastKnownFileType = text; path = syonyudoMap1.csv; sourceTree = "<group>"; };
		59C2CBC21F9C5ECB00066A29 /* syonyudoMap2.csv */ = {isa = PBXFileReference; fileEncoding = 4; lastKnownFileType = text; path = syonyudoMap2.csv; sourceTree = "<group>"; };
		59C2CBC31F9C5ECB00066A29 /* syonyudoMap5.csv */ = {isa = PBXFileReference; fileEncoding = 4; lastKnownFileType = text; path = syonyudoMap5.csv; sourceTree = "<group>"; };
		59C2CBC41F9C5ECC00066A29 /* syonyudoMap10.csv */ = {isa = PBXFileReference; fileEncoding = 4; lastKnownFileType = text; path = syonyudoMap10.csv; sourceTree = "<group>"; };
		59C2CBC51F9C5ECC00066A29 /* syonyudoMap6.csv */ = {isa = PBXFileReference; fileEncoding = 4; lastKnownFileType = text; path = syonyudoMap6.csv; sourceTree = "<group>"; };
		59C2CBC61F9C5ECC00066A29 /* syonyudoMap3.csv */ = {isa = PBXFileReference; fileEncoding = 4; lastKnownFileType = text; path = syonyudoMap3.csv; sourceTree = "<group>"; };
		59C2CBC71F9C5ECC00066A29 /* syonyudoMap7.csv */ = {isa = PBXFileReference; fileEncoding = 4; lastKnownFileType = text; path = syonyudoMap7.csv; sourceTree = "<group>"; };
		59C2CBC81F9C5ECC00066A29 /* syonyudoMap8.csv */ = {isa = PBXFileReference; fileEncoding = 4; lastKnownFileType = text; path = syonyudoMap8.csv; sourceTree = "<group>"; };
		59C2CBC91F9C5ECC00066A29 /* syonyudoMap0.csv */ = {isa = PBXFileReference; fileEncoding = 4; lastKnownFileType = text; path = syonyudoMap0.csv; sourceTree = "<group>"; };
		59C2CBCA1F9C5ECC00066A29 /* syonyudoMap9.csv */ = {isa = PBXFileReference; fileEncoding = 4; lastKnownFileType = text; path = syonyudoMap9.csv; sourceTree = "<group>"; };
		59C2CBCB1F9C5ECC00066A29 /* syonyudoMap4.csv */ = {isa = PBXFileReference; fileEncoding = 4; lastKnownFileType = text; path = syonyudoMap4.csv; sourceTree = "<group>"; };
		59C2CBD71F9C8C1300066A29 /* syonyudo1.png */ = {isa = PBXFileReference; lastKnownFileType = image.png; path = syonyudo1.png; sourceTree = "<group>"; };
		59C2CBD81F9C8C1400066A29 /* syonyudo0.png */ = {isa = PBXFileReference; lastKnownFileType = image.png; path = syonyudo0.png; sourceTree = "<group>"; };
		59C2CBD91F9C8C1400066A29 /* syonyudo3.png */ = {isa = PBXFileReference; lastKnownFileType = image.png; path = syonyudo3.png; sourceTree = "<group>"; };
		59C2CBDA1F9C8C1400066A29 /* syonyudo4.png */ = {isa = PBXFileReference; lastKnownFileType = image.png; path = syonyudo4.png; sourceTree = "<group>"; };
		59C2CBDB1F9C8C1400066A29 /* syonyudo2.png */ = {isa = PBXFileReference; lastKnownFileType = image.png; path = syonyudo2.png; sourceTree = "<group>"; };
		59C2CBDC1F9C8C1400066A29 /* syonyudo5.png */ = {isa = PBXFileReference; lastKnownFileType = image.png; path = syonyudo5.png; sourceTree = "<group>"; };
		59CD228E1F6E096600F9CF65 /* map2.csv */ = {isa = PBXFileReference; fileEncoding = 4; lastKnownFileType = text; path = map2.csv; sourceTree = "<group>"; };
		59CD228F1F6E096600F9CF65 /* map3.csv */ = {isa = PBXFileReference; fileEncoding = 4; lastKnownFileType = text; path = map3.csv; sourceTree = "<group>"; };
		59CD22901F6E096600F9CF65 /* map4.csv */ = {isa = PBXFileReference; fileEncoding = 4; lastKnownFileType = text; path = map4.csv; sourceTree = "<group>"; };
		59CD22911F6E096600F9CF65 /* map5.csv */ = {isa = PBXFileReference; fileEncoding = 4; lastKnownFileType = text; path = map5.csv; sourceTree = "<group>"; };
		59CD22921F6E096600F9CF65 /* map6.csv */ = {isa = PBXFileReference; fileEncoding = 4; lastKnownFileType = text; path = map6.csv; sourceTree = "<group>"; };
		59CD22981F6E162400F9CF65 /* map0.csv */ = {isa = PBXFileReference; fileEncoding = 4; lastKnownFileType = text; path = map0.csv; sourceTree = "<group>"; };
		59CD229A1F6E427100F9CF65 /* map1.csv */ = {isa = PBXFileReference; fileEncoding = 4; lastKnownFileType = text; path = map1.csv; sourceTree = "<group>"; };
		59CD229D1F6EAA0800F9CF65 /* FMDatabase.h */ = {isa = PBXFileReference; fileEncoding = 4; lastKnownFileType = sourcecode.c.h; path = FMDatabase.h; sourceTree = "<group>"; };
		59CD229E1F6EAA0800F9CF65 /* FMDatabase.m */ = {isa = PBXFileReference; fileEncoding = 4; lastKnownFileType = sourcecode.c.objc; path = FMDatabase.m; sourceTree = "<group>"; };
		59CD229F1F6EAA0800F9CF65 /* FMDatabaseAdditions.h */ = {isa = PBXFileReference; fileEncoding = 4; lastKnownFileType = sourcecode.c.h; path = FMDatabaseAdditions.h; sourceTree = "<group>"; };
		59CD22A01F6EAA0800F9CF65 /* FMDatabaseAdditions.m */ = {isa = PBXFileReference; fileEncoding = 4; lastKnownFileType = sourcecode.c.objc; path = FMDatabaseAdditions.m; sourceTree = "<group>"; };
		59CD22A11F6EAA0800F9CF65 /* FMDatabasePool.h */ = {isa = PBXFileReference; fileEncoding = 4; lastKnownFileType = sourcecode.c.h; path = FMDatabasePool.h; sourceTree = "<group>"; };
		59CD22A21F6EAA0800F9CF65 /* FMDatabasePool.m */ = {isa = PBXFileReference; fileEncoding = 4; lastKnownFileType = sourcecode.c.objc; path = FMDatabasePool.m; sourceTree = "<group>"; };
		59CD22A31F6EAA0800F9CF65 /* FMDatabaseQueue.h */ = {isa = PBXFileReference; fileEncoding = 4; lastKnownFileType = sourcecode.c.h; path = FMDatabaseQueue.h; sourceTree = "<group>"; };
		59CD22A41F6EAA0800F9CF65 /* FMDatabaseQueue.m */ = {isa = PBXFileReference; fileEncoding = 4; lastKnownFileType = sourcecode.c.objc; path = FMDatabaseQueue.m; sourceTree = "<group>"; };
		59CD22A51F6EAA0800F9CF65 /* FMDB.h */ = {isa = PBXFileReference; fileEncoding = 4; lastKnownFileType = sourcecode.c.h; path = FMDB.h; sourceTree = "<group>"; };
		59CD22A61F6EAA0800F9CF65 /* FMResultSet.h */ = {isa = PBXFileReference; fileEncoding = 4; lastKnownFileType = sourcecode.c.h; path = FMResultSet.h; sourceTree = "<group>"; };
		59CD22A71F6EAA0800F9CF65 /* FMResultSet.m */ = {isa = PBXFileReference; fileEncoding = 4; lastKnownFileType = sourcecode.c.objc; path = FMResultSet.m; sourceTree = "<group>"; };
		59CD22A81F6EAA0800F9CF65 /* Info.plist */ = {isa = PBXFileReference; fileEncoding = 4; lastKnownFileType = text.plist.xml; path = Info.plist; sourceTree = "<group>"; };
		59CD22AF1F6EACCC00F9CF65 /* Bridging-Header.h */ = {isa = PBXFileReference; fileEncoding = 4; lastKnownFileType = sourcecode.c.h; path = "Bridging-Header.h"; sourceTree = "<group>"; };
		59CD22B01F6EB23400F9CF65 /* DBHelper.swift */ = {isa = PBXFileReference; fileEncoding = 4; lastKnownFileType = sourcecode.swift; path = DBHelper.swift; sourceTree = "<group>"; };
		59CD22B21F6F693400F9CF65 /* StringExtensions.swift */ = {isa = PBXFileReference; fileEncoding = 4; lastKnownFileType = sourcecode.swift; path = StringExtensions.swift; sourceTree = "<group>"; };
		59CD22B51F6FB4B400F9CF65 /* libsqlite3.tbd */ = {isa = PBXFileReference; lastKnownFileType = "sourcecode.text-based-dylib-definition"; name = libsqlite3.tbd; path = usr/lib/libsqlite3.tbd; sourceTree = SDKROOT; };
		59CD22B71F6FE61100F9CF65 /* DialogItem.swift */ = {isa = PBXFileReference; fileEncoding = 4; lastKnownFileType = sourcecode.swift; path = DialogItem.swift; sourceTree = "<group>"; };
		59CD22BB1F6FF30D00F9CF65 /* CheckboxItemCell.swift */ = {isa = PBXFileReference; fileEncoding = 4; lastKnownFileType = sourcecode.swift; path = CheckboxItemCell.swift; sourceTree = "<group>"; };
		59CD22BD1F6FF3E300F9CF65 /* ic_check_box_outline_blank.png */ = {isa = PBXFileReference; lastKnownFileType = image.png; path = ic_check_box_outline_blank.png; sourceTree = "<group>"; };
		59CD22BF1F6FF3F200F9CF65 /* ic_check_box.png */ = {isa = PBXFileReference; lastKnownFileType = image.png; path = ic_check_box.png; sourceTree = "<group>"; };
		59D5245E1F58599B00B5756A /* Venex.app */ = {isa = PBXFileReference; explicitFileType = wrapper.application; includeInIndex = 0; path = Venex.app; sourceTree = BUILT_PRODUCTS_DIR; };
		59D524611F58599B00B5756A /* AppDelegate.swift */ = {isa = PBXFileReference; lastKnownFileType = sourcecode.swift; path = AppDelegate.swift; sourceTree = "<group>"; };
		59D524631F58599B00B5756A /* ViewController.swift */ = {isa = PBXFileReference; lastKnownFileType = sourcecode.swift; path = ViewController.swift; sourceTree = "<group>"; };
		59D524661F58599B00B5756A /* Base */ = {isa = PBXFileReference; lastKnownFileType = file.storyboard; name = Base; path = Base.lproj/Main.storyboard; sourceTree = "<group>"; };
		59D524681F58599B00B5756A /* Assets.xcassets */ = {isa = PBXFileReference; lastKnownFileType = folder.assetcatalog; path = Assets.xcassets; sourceTree = "<group>"; };
		59D5246B1F58599B00B5756A /* Base */ = {isa = PBXFileReference; lastKnownFileType = file.storyboard; name = Base; path = Base.lproj/LaunchScreen.storyboard; sourceTree = "<group>"; };
		59D5246D1F58599B00B5756A /* Info.plist */ = {isa = PBXFileReference; lastKnownFileType = text.plist.xml; path = Info.plist; sourceTree = "<group>"; };
		59D524731F585ACC00B5756A /* tree.png */ = {isa = PBXFileReference; lastKnownFileType = image.png; path = tree.png; sourceTree = "<group>"; };
		59D524761F58EEF600B5756A /* greenfield.png */ = {isa = PBXFileReference; lastKnownFileType = image.png; path = greenfield.png; sourceTree = "<group>"; };
		59D524781F59323800B5756A /* key_down.png */ = {isa = PBXFileReference; lastKnownFileType = image.png; path = key_down.png; sourceTree = "<group>"; };
		59D524791F59323800B5756A /* key_left.png */ = {isa = PBXFileReference; lastKnownFileType = image.png; path = key_left.png; sourceTree = "<group>"; };
		59D5247A1F59323800B5756A /* key_right.png */ = {isa = PBXFileReference; lastKnownFileType = image.png; path = key_right.png; sourceTree = "<group>"; };
		59D524801F5A49AC00B5756A /* arthur01.png */ = {isa = PBXFileReference; lastKnownFileType = image.png; path = arthur01.png; sourceTree = "<group>"; };
		59D524811F5A49AC00B5756A /* arthur02.png */ = {isa = PBXFileReference; lastKnownFileType = image.png; path = arthur02.png; sourceTree = "<group>"; };
		59D524821F5A49AC00B5756A /* arthur03.png */ = {isa = PBXFileReference; lastKnownFileType = image.png; path = arthur03.png; sourceTree = "<group>"; };
		59D524831F5A49AC00B5756A /* arthur04.png */ = {isa = PBXFileReference; lastKnownFileType = image.png; path = arthur04.png; sourceTree = "<group>"; };
		59D524841F5A49AC00B5756A /* arthur05.png */ = {isa = PBXFileReference; lastKnownFileType = image.png; path = arthur05.png; sourceTree = "<group>"; };
		59D524851F5A49AC00B5756A /* arthur06.png */ = {isa = PBXFileReference; lastKnownFileType = image.png; path = arthur06.png; sourceTree = "<group>"; };
		59D524861F5A49AC00B5756A /* arthur07.png */ = {isa = PBXFileReference; lastKnownFileType = image.png; path = arthur07.png; sourceTree = "<group>"; };
		59D524871F5A49AC00B5756A /* arthur08.png */ = {isa = PBXFileReference; lastKnownFileType = image.png; path = arthur08.png; sourceTree = "<group>"; };
		59D524901F5A4FF800B5756A /* MyChara.swift */ = {isa = PBXFileReference; fileEncoding = 4; lastKnownFileType = sourcecode.swift; path = MyChara.swift; sourceTree = "<group>"; };
		59D524961F5AE67E00B5756A /* key_up.png */ = {isa = PBXFileReference; lastKnownFileType = image.png; path = key_up.png; sourceTree = "<group>"; };
		59D524981F5AEE8000B5756A /* Map.swift */ = {isa = PBXFileReference; fileEncoding = 4; lastKnownFileType = sourcecode.swift; path = Map.swift; sourceTree = "<group>"; };
		59E594CE1F97127500652276 /* DialogSeriaTalk.swift */ = {isa = PBXFileReference; lastKnownFileType = sourcecode.swift; path = DialogSeriaTalk.swift; sourceTree = "<group>"; };
		59E594D31F971A7000652276 /* test.csv */ = {isa = PBXFileReference; lastKnownFileType = text; path = test.csv; sourceTree = "<group>"; };
		59E594D71F9723B300652276 /* talkSeria.csv */ = {isa = PBXFileReference; lastKnownFileType = text; path = talkSeria.csv; sourceTree = "<group>"; };
/* End PBXFileReference section */

/* Begin PBXFrameworksBuildPhase section */
		59D5245B1F58599B00B5756A /* Frameworks */ = {
			isa = PBXFrameworksBuildPhase;
			buildActionMask = 2147483647;
			files = (
				59CD22B61F6FB4B400F9CF65 /* libsqlite3.tbd in Frameworks */,
			);
			runOnlyForDeploymentPostprocessing = 0;
		};
/* End PBXFrameworksBuildPhase section */

/* Begin PBXGroup section */
		59CD228D1F6E093700F9CF65 /* assets */ = {
			isa = PBXGroup;
			children = (
				59CD229A1F6E427100F9CF65 /* map1.csv */,
				59CD22981F6E162400F9CF65 /* map0.csv */,
				59CD228E1F6E096600F9CF65 /* map2.csv */,
				59CD228F1F6E096600F9CF65 /* map3.csv */,
				59CD22901F6E096600F9CF65 /* map4.csv */,
				59CD22911F6E096600F9CF65 /* map5.csv */,
				59CD22921F6E096600F9CF65 /* map6.csv */,
				59C2CBBD1F9C40A300066A29 /* fieldMap7.csv */,
				59C2CBBF1F9C40B000066A29 /* fieldMap8.csv */,
				59E594D31F971A7000652276 /* test.csv */,
				59E594D71F9723B300652276 /* talkSeria.csv */,
				59C2CBC91F9C5ECC00066A29 /* syonyudoMap0.csv */,
				59C2CBC11F9C5ECB00066A29 /* syonyudoMap1.csv */,
				59C2CBC21F9C5ECB00066A29 /* syonyudoMap2.csv */,
				59C2CBC61F9C5ECC00066A29 /* syonyudoMap3.csv */,
				59C2CBCB1F9C5ECC00066A29 /* syonyudoMap4.csv */,
				59C2CBC31F9C5ECB00066A29 /* syonyudoMap5.csv */,
				59C2CBC51F9C5ECC00066A29 /* syonyudoMap6.csv */,
				59C2CBC71F9C5ECC00066A29 /* syonyudoMap7.csv */,
				59C2CBC81F9C5ECC00066A29 /* syonyudoMap8.csv */,
				59C2CBCA1F9C5ECC00066A29 /* syonyudoMap9.csv */,
				59C2CBC41F9C5ECC00066A29 /* syonyudoMap10.csv */,
			);
			name = assets;
			sourceTree = "<group>";
		};
		59CD229C1F6EAA0800F9CF65 /* fmdb */ = {
			isa = PBXGroup;
			children = (
				59CD229D1F6EAA0800F9CF65 /* FMDatabase.h */,
				59CD229E1F6EAA0800F9CF65 /* FMDatabase.m */,
				59CD229F1F6EAA0800F9CF65 /* FMDatabaseAdditions.h */,
				59CD22A01F6EAA0800F9CF65 /* FMDatabaseAdditions.m */,
				59CD22A11F6EAA0800F9CF65 /* FMDatabasePool.h */,
				59CD22A21F6EAA0800F9CF65 /* FMDatabasePool.m */,
				59CD22A31F6EAA0800F9CF65 /* FMDatabaseQueue.h */,
				59CD22A41F6EAA0800F9CF65 /* FMDatabaseQueue.m */,
				59CD22A51F6EAA0800F9CF65 /* FMDB.h */,
				59CD22A61F6EAA0800F9CF65 /* FMResultSet.h */,
				59CD22A71F6EAA0800F9CF65 /* FMResultSet.m */,
				59CD22A81F6EAA0800F9CF65 /* Info.plist */,
			);
			name = fmdb;
			path = ../fmdb;
			sourceTree = "<group>";
		};
		59CD22B41F6FB4B300F9CF65 /* Frameworks */ = {
			isa = PBXGroup;
			children = (
				59CD22B51F6FB4B400F9CF65 /* libsqlite3.tbd */,
			);
			name = Frameworks;
			sourceTree = "<group>";
		};
		59D524551F58599B00B5756A = {
			isa = PBXGroup;
			children = (
				59D524601F58599B00B5756A /* Venex */,
				59D5245F1F58599B00B5756A /* Products */,
				59CD22B41F6FB4B300F9CF65 /* Frameworks */,
			);
			sourceTree = "<group>";
		};
		59D5245F1F58599B00B5756A /* Products */ = {
			isa = PBXGroup;
			children = (
				59D5245E1F58599B00B5756A /* Venex.app */,
			);
			name = Products;
			sourceTree = "<group>";
		};
		59D524601F58599B00B5756A /* Venex */ = {
			isa = PBXGroup;
			children = (
				59CD229C1F6EAA0800F9CF65 /* fmdb */,
				59CD228D1F6E093700F9CF65 /* assets */,
				59D524751F585E1200B5756A /* png */,
				59D524611F58599B00B5756A /* AppDelegate.swift */,
				59CD22AF1F6EACCC00F9CF65 /* Bridging-Header.h */,
				59CD22B21F6F693400F9CF65 /* StringExtensions.swift */,
				59D524631F58599B00B5756A /* ViewController.swift */,
				59CD22B01F6EB23400F9CF65 /* DBHelper.swift */,
				59CD22BB1F6FF30D00F9CF65 /* CheckboxItemCell.swift */,
				59CD22B71F6FE61100F9CF65 /* DialogItem.swift */,
				5913E37A1F8E560000CBA89D /* DialogSeria1.swift */,
				595CA0DB1F91BBFE002675B2 /* DialogSeriaTrade.swift */,
				59E594CE1F97127500652276 /* DialogSeriaTalk.swift */,
				5934EED71FAE9F8900466880 /* DialogBattle.swift */,
				59D524901F5A4FF800B5756A /* MyChara.swift */,
				59D524981F5AEE8000B5756A /* Map.swift */,
				5913E3761F76B61F00CBA89D /* Item.swift */,
				59D524651F58599B00B5756A /* Main.storyboard */,
				59D524681F58599B00B5756A /* Assets.xcassets */,
				59D5246A1F58599B00B5756A /* LaunchScreen.storyboard */,
				59D5246D1F58599B00B5756A /* Info.plist */,
			);
			path = Venex;
			sourceTree = "<group>";
		};
		59D524751F585E1200B5756A /* png */ = {
			isa = PBXGroup;
			children = (
				5934EEDF1FAED78700466880 /* ghouldragon.png */,
				5934EEDD1FAED1FA00466880 /* skelton.png */,
				5934EED91FAEAD0C00466880 /* skelton01.png */,
				59CD22BF1F6FF3F200F9CF65 /* ic_check_box.png */,
				59CD22BD1F6FF3E300F9CF65 /* ic_check_box_outline_blank.png */,
				59D524961F5AE67E00B5756A /* key_up.png */,
				59D524801F5A49AC00B5756A /* arthur01.png */,
				59D524811F5A49AC00B5756A /* arthur02.png */,
				59D524821F5A49AC00B5756A /* arthur03.png */,
				59D524831F5A49AC00B5756A /* arthur04.png */,
				59D524841F5A49AC00B5756A /* arthur05.png */,
				59D524851F5A49AC00B5756A /* arthur06.png */,
				59D524861F5A49AC00B5756A /* arthur07.png */,
				59D524871F5A49AC00B5756A /* arthur08.png */,
				59D524781F59323800B5756A /* key_down.png */,
				59D524791F59323800B5756A /* key_left.png */,
				59D5247A1F59323800B5756A /* key_right.png */,
				59D524761F58EEF600B5756A /* greenfield.png */,
				59D524731F585ACC00B5756A /* tree.png */,
				59C2CBB91F9C402700066A29 /* field4.png */,
				59C2CBBB1F9C403700066A29 /* field5.png */,
				59C2CBD81F9C8C1400066A29 /* syonyudo0.png */,
				59C2CBD71F9C8C1300066A29 /* syonyudo1.png */,
				59C2CBDB1F9C8C1400066A29 /* syonyudo2.png */,
				59C2CBD91F9C8C1400066A29 /* syonyudo3.png */,
				59C2CBDA1F9C8C1400066A29 /* syonyudo4.png */,
				59C2CBDC1F9C8C1400066A29 /* syonyudo5.png */,
			);
			name = png;
			sourceTree = "<group>";
		};
/* End PBXGroup section */

/* Begin PBXNativeTarget section */
		59D5245D1F58599B00B5756A /* Venex */ = {
			isa = PBXNativeTarget;
			buildConfigurationList = 59D524701F58599B00B5756A /* Build configuration list for PBXNativeTarget "Venex" */;
			buildPhases = (
				59D5245A1F58599B00B5756A /* Sources */,
				59D5245B1F58599B00B5756A /* Frameworks */,
				59D5245C1F58599B00B5756A /* Resources */,
			);
			buildRules = (
			);
			dependencies = (
			);
			name = Venex;
			productName = Venex;
			productReference = 59D5245E1F58599B00B5756A /* Venex.app */;
			productType = "com.apple.product-type.application";
		};
/* End PBXNativeTarget section */

/* Begin PBXProject section */
		59D524561F58599B00B5756A /* Project object */ = {
			isa = PBXProject;
			attributes = {
				LastSwiftUpdateCheck = 0830;
				LastUpgradeCheck = 0900;
				ORGANIZATIONNAME = "tadakazu nakamichi";
				TargetAttributes = {
					59D5245D1F58599B00B5756A = {
						CreatedOnToolsVersion = 8.3.3;
						DevelopmentTeam = X7TZM2569N;
						LastSwiftMigration = 0900;
						ProvisioningStyle = Automatic;
					};
				};
			};
			buildConfigurationList = 59D524591F58599B00B5756A /* Build configuration list for PBXProject "Venex" */;
			compatibilityVersion = "Xcode 3.2";
			developmentRegion = English;
			hasScannedForEncodings = 0;
			knownRegions = (
				English,
				en,
				Base,
			);
			mainGroup = 59D524551F58599B00B5756A;
			productRefGroup = 59D5245F1F58599B00B5756A /* Products */;
			projectDirPath = "";
			projectRoot = "";
			targets = (
				59D5245D1F58599B00B5756A /* Venex */,
			);
		};
/* End PBXProject section */

/* Begin PBXResourcesBuildPhase section */
		59D5245C1F58599B00B5756A /* Resources */ = {
			isa = PBXResourcesBuildPhase;
			buildActionMask = 2147483647;
			files = (
				59C2CBC01F9C40B000066A29 /* fieldMap8.csv in Resources */,
				59C2CBBE1F9C40A300066A29 /* fieldMap7.csv in Resources */,
				59E594D81F9723C600652276 /* talkSeria.csv in Resources */,
				59C2CBD51F9C5ECC00066A29 /* syonyudoMap9.csv in Resources */,
				59E594D41F971A7900652276 /* test.csv in Resources */,
				5934EEDA1FAEAD0C00466880 /* skelton01.png in Resources */,
				59D5246C1F58599B00B5756A /* LaunchScreen.storyboard in Resources */,
				59D524691F58599B00B5756A /* Assets.xcassets in Resources */,
				59D5247D1F59323800B5756A /* key_left.png in Resources */,
				59C2CBCE1F9C5ECC00066A29 /* syonyudoMap5.csv in Resources */,
				59D524671F58599B00B5756A /* Main.storyboard in Resources */,
				59C2CBD21F9C5ECC00066A29 /* syonyudoMap7.csv in Resources */,
				59C2CBD41F9C5ECC00066A29 /* syonyudoMap0.csv in Resources */,
				59D524741F585ACC00B5756A /* tree.png in Resources */,
				5934EEDE1FAED1FA00466880 /* skelton.png in Resources */,
				59CD22961F6E096600F9CF65 /* map5.csv in Resources */,
				59C2CBE01F9C8C1400066A29 /* syonyudo4.png in Resources */,
				59CD22971F6E096600F9CF65 /* map6.csv in Resources */,
				59D5248C1F5A49AC00B5756A /* arthur05.png in Resources */,
				59CD22991F6E162400F9CF65 /* map0.csv in Resources */,
				59C2CBD01F9C5ECC00066A29 /* syonyudoMap6.csv in Resources */,
				59C2CBDF1F9C8C1400066A29 /* syonyudo3.png in Resources */,
				59D524891F5A49AC00B5756A /* arthur02.png in Resources */,
				59CD22941F6E096600F9CF65 /* map3.csv in Resources */,
				59C2CBBC1F9C403700066A29 /* field5.png in Resources */,
				59C2CBD31F9C5ECC00066A29 /* syonyudoMap8.csv in Resources */,
				59C2CBD61F9C5ECC00066A29 /* syonyudoMap4.csv in Resources */,
				59D524971F5AE67E00B5756A /* key_up.png in Resources */,
				59CD22C01F6FF3F200F9CF65 /* ic_check_box.png in Resources */,
				59D5248D1F5A49AC00B5756A /* arthur06.png in Resources */,
				59C2CBCD1F9C5ECC00066A29 /* syonyudoMap2.csv in Resources */,
				59D5248B1F5A49AC00B5756A /* arthur04.png in Resources */,
				59C2CBBA1F9C402700066A29 /* field4.png in Resources */,
				59CD22BE1F6FF3E300F9CF65 /* ic_check_box_outline_blank.png in Resources */,
				59D524771F58EEF600B5756A /* greenfield.png in Resources */,
				59D5248A1F5A49AC00B5756A /* arthur03.png in Resources */,
				59CD22931F6E096600F9CF65 /* map2.csv in Resources */,
				59C2CBD11F9C5ECC00066A29 /* syonyudoMap3.csv in Resources */,
				5934EEE01FAED78700466880 /* ghouldragon.png in Resources */,
				59CD229B1F6E427100F9CF65 /* map1.csv in Resources */,
				59D5248F1F5A49AC00B5756A /* arthur08.png in Resources */,
				59D5248E1F5A49AC00B5756A /* arthur07.png in Resources */,
				59C2CBCF1F9C5ECC00066A29 /* syonyudoMap10.csv in Resources */,
				59D5247E1F59323800B5756A /* key_right.png in Resources */,
				59C2CBE21F9C8C1400066A29 /* syonyudo5.png in Resources */,
				59CD22951F6E096600F9CF65 /* map4.csv in Resources */,
				59C2CBDE1F9C8C1400066A29 /* syonyudo0.png in Resources */,
				59D524881F5A49AC00B5756A /* arthur01.png in Resources */,
				59C2CBE11F9C8C1400066A29 /* syonyudo2.png in Resources */,
				59D5247C1F59323800B5756A /* key_down.png in Resources */,
				59C2CBCC1F9C5ECC00066A29 /* syonyudoMap1.csv in Resources */,
				59C2CBDD1F9C8C1400066A29 /* syonyudo1.png in Resources */,
			);
			runOnlyForDeploymentPostprocessing = 0;
		};
/* End PBXResourcesBuildPhase section */

/* Begin PBXSourcesBuildPhase section */
		59D5245A1F58599B00B5756A /* Sources */ = {
			isa = PBXSourcesBuildPhase;
			buildActionMask = 2147483647;
			files = (
				59D524641F58599B00B5756A /* ViewController.swift in Sources */,
				59CD22AC1F6EAA0800F9CF65 /* FMDatabaseQueue.m in Sources */,
				5913E37B1F8E560000CBA89D /* DialogSeria1.swift in Sources */,
				59CD22BC1F6FF30D00F9CF65 /* CheckboxItemCell.swift in Sources */,
				59D524911F5A4FF800B5756A /* MyChara.swift in Sources */,
				59D524991F5AEE8000B5756A /* Map.swift in Sources */,
				59CD22A91F6EAA0800F9CF65 /* FMDatabase.m in Sources */,
				59CD22AB1F6EAA0800F9CF65 /* FMDatabasePool.m in Sources */,
				59CD22B81F6FE61100F9CF65 /* DialogItem.swift in Sources */,
				59CD22B31F6F693400F9CF65 /* StringExtensions.swift in Sources */,
				5913E3771F76B61F00CBA89D /* Item.swift in Sources */,
				595CA0DC1F91BBFE002675B2 /* DialogSeriaTrade.swift in Sources */,
				59CD22AD1F6EAA0800F9CF65 /* FMResultSet.m in Sources */,
				59E594CF1F97127500652276 /* DialogSeriaTalk.swift in Sources */,
				59CD22B11F6EB23400F9CF65 /* DBHelper.swift in Sources */,
				59D524621F58599B00B5756A /* AppDelegate.swift in Sources */,
				59CD22AA1F6EAA0800F9CF65 /* FMDatabaseAdditions.m in Sources */,
				5934EED81FAE9F8900466880 /* DialogBattle.swift in Sources */,
			);
			runOnlyForDeploymentPostprocessing = 0;
		};
/* End PBXSourcesBuildPhase section */

/* Begin PBXVariantGroup section */
		59D524651F58599B00B5756A /* Main.storyboard */ = {
			isa = PBXVariantGroup;
			children = (
				59D524661F58599B00B5756A /* Base */,
			);
			name = Main.storyboard;
			sourceTree = "<group>";
		};
		59D5246A1F58599B00B5756A /* LaunchScreen.storyboard */ = {
			isa = PBXVariantGroup;
			children = (
				59D5246B1F58599B00B5756A /* Base */,
			);
			name = LaunchScreen.storyboard;
			sourceTree = "<group>";
		};
/* End PBXVariantGroup section */

/* Begin XCBuildConfiguration section */
		59D5246E1F58599B00B5756A /* Debug */ = {
			isa = XCBuildConfiguration;
			buildSettings = {
				ALWAYS_SEARCH_USER_PATHS = NO;
				CLANG_ANALYZER_NONNULL = YES;
				CLANG_ANALYZER_NUMBER_OBJECT_CONVERSION = YES_AGGRESSIVE;
				CLANG_CXX_LANGUAGE_STANDARD = "gnu++0x";
				CLANG_CXX_LIBRARY = "libc++";
				CLANG_ENABLE_MODULES = YES;
				CLANG_ENABLE_OBJC_ARC = YES;
				CLANG_WARN_BLOCK_CAPTURE_AUTORELEASING = YES;
				CLANG_WARN_BOOL_CONVERSION = YES;
				CLANG_WARN_COMMA = YES;
				CLANG_WARN_CONSTANT_CONVERSION = YES;
				CLANG_WARN_DIRECT_OBJC_ISA_USAGE = YES_ERROR;
				CLANG_WARN_DOCUMENTATION_COMMENTS = YES;
				CLANG_WARN_EMPTY_BODY = YES;
				CLANG_WARN_ENUM_CONVERSION = YES;
				CLANG_WARN_INFINITE_RECURSION = YES;
				CLANG_WARN_INT_CONVERSION = YES;
				CLANG_WARN_NON_LITERAL_NULL_CONVERSION = YES;
				CLANG_WARN_OBJC_LITERAL_CONVERSION = YES;
				CLANG_WARN_OBJC_ROOT_CLASS = YES_ERROR;
				CLANG_WARN_RANGE_LOOP_ANALYSIS = YES;
				CLANG_WARN_STRICT_PROTOTYPES = YES;
				CLANG_WARN_SUSPICIOUS_MOVE = YES;
				CLANG_WARN_UNREACHABLE_CODE = YES;
				CLANG_WARN__DUPLICATE_METHOD_MATCH = YES;
				"CODE_SIGN_IDENTITY[sdk=iphoneos*]" = "iPhone Developer";
				COPY_PHASE_STRIP = NO;
				DEBUG_INFORMATION_FORMAT = dwarf;
				ENABLE_STRICT_OBJC_MSGSEND = YES;
				ENABLE_TESTABILITY = YES;
				GCC_C_LANGUAGE_STANDARD = gnu99;
				GCC_DYNAMIC_NO_PIC = NO;
				GCC_NO_COMMON_BLOCKS = YES;
				GCC_OPTIMIZATION_LEVEL = 0;
				GCC_PREPROCESSOR_DEFINITIONS = (
					"DEBUG=1",
					"$(inherited)",
				);
				GCC_WARN_64_TO_32_BIT_CONVERSION = YES;
				GCC_WARN_ABOUT_RETURN_TYPE = YES_ERROR;
				GCC_WARN_UNDECLARED_SELECTOR = YES;
				GCC_WARN_UNINITIALIZED_AUTOS = YES_AGGRESSIVE;
				GCC_WARN_UNUSED_FUNCTION = YES;
				GCC_WARN_UNUSED_VARIABLE = YES;
				IPHONEOS_DEPLOYMENT_TARGET = 10.3;
				MTL_ENABLE_DEBUG_INFO = YES;
				ONLY_ACTIVE_ARCH = YES;
				SDKROOT = iphoneos;
				SWIFT_ACTIVE_COMPILATION_CONDITIONS = DEBUG;
				SWIFT_OBJC_BRIDGING_HEADER = "$(SRCROOT)/$(PROJECT)/Bridging-Header.h";
				SWIFT_OPTIMIZATION_LEVEL = "-Onone";
			};
			name = Debug;
		};
		59D5246F1F58599B00B5756A /* Release */ = {
			isa = XCBuildConfiguration;
			buildSettings = {
				ALWAYS_SEARCH_USER_PATHS = NO;
				CLANG_ANALYZER_NONNULL = YES;
				CLANG_ANALYZER_NUMBER_OBJECT_CONVERSION = YES_AGGRESSIVE;
				CLANG_CXX_LANGUAGE_STANDARD = "gnu++0x";
				CLANG_CXX_LIBRARY = "libc++";
				CLANG_ENABLE_MODULES = YES;
				CLANG_ENABLE_OBJC_ARC = YES;
				CLANG_WARN_BLOCK_CAPTURE_AUTORELEASING = YES;
				CLANG_WARN_BOOL_CONVERSION = YES;
				CLANG_WARN_COMMA = YES;
				CLANG_WARN_CONSTANT_CONVERSION = YES;
				CLANG_WARN_DIRECT_OBJC_ISA_USAGE = YES_ERROR;
				CLANG_WARN_DOCUMENTATION_COMMENTS = YES;
				CLANG_WARN_EMPTY_BODY = YES;
				CLANG_WARN_ENUM_CONVERSION = YES;
				CLANG_WARN_INFINITE_RECURSION = YES;
				CLANG_WARN_INT_CONVERSION = YES;
				CLANG_WARN_NON_LITERAL_NULL_CONVERSION = YES;
				CLANG_WARN_OBJC_LITERAL_CONVERSION = YES;
				CLANG_WARN_OBJC_ROOT_CLASS = YES_ERROR;
				CLANG_WARN_RANGE_LOOP_ANALYSIS = YES;
				CLANG_WARN_STRICT_PROTOTYPES = YES;
				CLANG_WARN_SUSPICIOUS_MOVE = YES;
				CLANG_WARN_UNREACHABLE_CODE = YES;
				CLANG_WARN__DUPLICATE_METHOD_MATCH = YES;
				"CODE_SIGN_IDENTITY[sdk=iphoneos*]" = "iPhone Developer";
				COPY_PHASE_STRIP = NO;
				DEBUG_INFORMATION_FORMAT = "dwarf-with-dsym";
				ENABLE_NS_ASSERTIONS = NO;
				ENABLE_STRICT_OBJC_MSGSEND = YES;
				GCC_C_LANGUAGE_STANDARD = gnu99;
				GCC_NO_COMMON_BLOCKS = YES;
				GCC_WARN_64_TO_32_BIT_CONVERSION = YES;
				GCC_WARN_ABOUT_RETURN_TYPE = YES_ERROR;
				GCC_WARN_UNDECLARED_SELECTOR = YES;
				GCC_WARN_UNINITIALIZED_AUTOS = YES_AGGRESSIVE;
				GCC_WARN_UNUSED_FUNCTION = YES;
				GCC_WARN_UNUSED_VARIABLE = YES;
				IPHONEOS_DEPLOYMENT_TARGET = 10.3;
				MTL_ENABLE_DEBUG_INFO = NO;
				SDKROOT = iphoneos;
				SWIFT_OBJC_BRIDGING_HEADER = "$(SRCROOT)/$(PROJECT)/Bridging-Header.h";
				SWIFT_OPTIMIZATION_LEVEL = "-Owholemodule";
				VALIDATE_PRODUCT = YES;
			};
			name = Release;
		};
		59D524711F58599B00B5756A /* Debug */ = {
			isa = XCBuildConfiguration;
			buildSettings = {
				ASSETCATALOG_COMPILER_APPICON_NAME = AppIcon;
				DEVELOPMENT_TEAM = X7TZM2569N;
				INFOPLIST_FILE = Venex/Info.plist;
				IPHONEOS_DEPLOYMENT_TARGET = 9.0;
				LD_RUNPATH_SEARCH_PATHS = "$(inherited) @executable_path/Frameworks";
				PRODUCT_BUNDLE_IDENTIFIER = com.tadakazu1972.Venex;
				PRODUCT_NAME = "$(TARGET_NAME)";
				SWIFT_SWIFT3_OBJC_INFERENCE = Default;
				SWIFT_VERSION = 4.0;
			};
			name = Debug;
		};
		59D524721F58599B00B5756A /* Release */ = {
			isa = XCBuildConfiguration;
			buildSettings = {
				ASSETCATALOG_COMPILER_APPICON_NAME = AppIcon;
				DEVELOPMENT_TEAM = X7TZM2569N;
				INFOPLIST_FILE = Venex/Info.plist;
				IPHONEOS_DEPLOYMENT_TARGET = 9.0;
				LD_RUNPATH_SEARCH_PATHS = "$(inherited) @executable_path/Frameworks";
				PRODUCT_BUNDLE_IDENTIFIER = com.tadakazu1972.Venex;
				PRODUCT_NAME = "$(TARGET_NAME)";
				SWIFT_SWIFT3_OBJC_INFERENCE = Default;
				SWIFT_VERSION = 4.0;
			};
			name = Release;
		};
/* End XCBuildConfiguration section */

/* Begin XCConfigurationList section */
		59D524591F58599B00B5756A /* Build configuration list for PBXProject "Venex" */ = {
			isa = XCConfigurationList;
			buildConfigurations = (
				59D5246E1F58599B00B5756A /* Debug */,
				59D5246F1F58599B00B5756A /* Release */,
			);
			defaultConfigurationIsVisible = 0;
			defaultConfigurationName = Release;
		};
		59D524701F58599B00B5756A /* Build configuration list for PBXNativeTarget "Venex" */ = {
			isa = XCConfigurationList;
			buildConfigurations = (
				59D524711F58599B00B5756A /* Debug */,
				59D524721F58599B00B5756A /* Release */,
			);
			defaultConfigurationIsVisible = 0;
			defaultConfigurationName = Release;
		};
/* End XCConfigurationList section */
	};
	rootObject = 59D524561F58599B00B5756A /* Project object */;
}
